// !$*UTF8*$!
{
	archiveVersion = 1;
	classes = {
	};
	objectVersion = 56;
	objects = {

/* Begin PBXBuildFile section */
		8A6BE132C155317878869CB5 /* Pods_GoogleMLKit.framework in Frameworks */ = {isa = PBXBuildFile; fileRef = 55D4DFCC736AE2EC2DA22693 /* Pods_GoogleMLKit.framework */; };
		AA2769DA2A9453A80004CF47 /* AppDelegate.swift in Sources */ = {isa = PBXBuildFile; fileRef = AA2769D92A9453A80004CF47 /* AppDelegate.swift */; };
		AA2769DC2A9453A80004CF47 /* SceneDelegate.swift in Sources */ = {isa = PBXBuildFile; fileRef = AA2769DB2A9453A80004CF47 /* SceneDelegate.swift */; };
		AA2769DE2A9453A80004CF47 /* ViewController.swift in Sources */ = {isa = PBXBuildFile; fileRef = AA2769DD2A9453A80004CF47 /* ViewController.swift */; };
		AA2769E12A9453A80004CF47 /* Main.storyboard in Resources */ = {isa = PBXBuildFile; fileRef = AA2769DF2A9453A80004CF47 /* Main.storyboard */; };
		AA2769E32A9453A90004CF47 /* Assets.xcassets in Resources */ = {isa = PBXBuildFile; fileRef = AA2769E22A9453A90004CF47 /* Assets.xcassets */; };
		AA2769E62A9453A90004CF47 /* LaunchScreen.storyboard in Resources */ = {isa = PBXBuildFile; fileRef = AA2769E42A9453A90004CF47 /* LaunchScreen.storyboard */; };
		AA6C8F602A9463D700138C9E /* UIUtillties.swift in Sources */ = {isa = PBXBuildFile; fileRef = AA6C8F5F2A9463D700138C9E /* UIUtillties.swift */; };
/* End PBXBuildFile section */

/* Begin PBXFileReference section */
		55D4DFCC736AE2EC2DA22693 /* Pods_GoogleMLKit.framework */ = {isa = PBXFileReference; explicitFileType = wrapper.framework; includeInIndex = 0; path = Pods_GoogleMLKit.framework; sourceTree = BUILT_PRODUCTS_DIR; };
		A19CE66DE29485AF8A9F15D7 /* Pods-GoogleMLKit.release.xcconfig */ = {isa = PBXFileReference; includeInIndex = 1; lastKnownFileType = text.xcconfig; name = "Pods-GoogleMLKit.release.xcconfig"; path = "Target Support Files/Pods-GoogleMLKit/Pods-GoogleMLKit.release.xcconfig"; sourceTree = "<group>"; };
		AA2769D62A9453A80004CF47 /* GoogleMLKit.app */ = {isa = PBXFileReference; explicitFileType = wrapper.application; includeInIndex = 0; path = GoogleMLKit.app; sourceTree = BUILT_PRODUCTS_DIR; };
		AA2769D92A9453A80004CF47 /* AppDelegate.swift */ = {isa = PBXFileReference; lastKnownFileType = sourcecode.swift; path = AppDelegate.swift; sourceTree = "<group>"; };
		AA2769DB2A9453A80004CF47 /* SceneDelegate.swift */ = {isa = PBXFileReference; lastKnownFileType = sourcecode.swift; path = SceneDelegate.swift; sourceTree = "<group>"; };
		AA2769DD2A9453A80004CF47 /* ViewController.swift */ = {isa = PBXFileReference; lastKnownFileType = sourcecode.swift; path = ViewController.swift; sourceTree = "<group>"; };
		AA2769E02A9453A80004CF47 /* Base */ = {isa = PBXFileReference; lastKnownFileType = file.storyboard; name = Base; path = Base.lproj/Main.storyboard; sourceTree = "<group>"; };
		AA2769E22A9453A90004CF47 /* Assets.xcassets */ = {isa = PBXFileReference; lastKnownFileType = folder.assetcatalog; path = Assets.xcassets; sourceTree = "<group>"; };
		AA2769E52A9453A90004CF47 /* Base */ = {isa = PBXFileReference; lastKnownFileType = file.storyboard; name = Base; path = Base.lproj/LaunchScreen.storyboard; sourceTree = "<group>"; };
		AA2769E72A9453A90004CF47 /* Info.plist */ = {isa = PBXFileReference; lastKnownFileType = text.plist.xml; path = Info.plist; sourceTree = "<group>"; };
		AA6C8F5F2A9463D700138C9E /* UIUtillties.swift */ = {isa = PBXFileReference; lastKnownFileType = sourcecode.swift; path = UIUtillties.swift; sourceTree = "<group>"; };
		BF49BE52D2CAC3DBBC00A77E /* Pods-GoogleMLKit.debug.xcconfig */ = {isa = PBXFileReference; includeInIndex = 1; lastKnownFileType = text.xcconfig; name = "Pods-GoogleMLKit.debug.xcconfig"; path = "Target Support Files/Pods-GoogleMLKit/Pods-GoogleMLKit.debug.xcconfig"; sourceTree = "<group>"; };
/* End PBXFileReference section */

/* Begin PBXFrameworksBuildPhase section */
		AA2769D32A9453A80004CF47 /* Frameworks */ = {
			isa = PBXFrameworksBuildPhase;
			buildActionMask = 2147483647;
			files = (
				8A6BE132C155317878869CB5 /* Pods_GoogleMLKit.framework in Frameworks */,
			);
			runOnlyForDeploymentPostprocessing = 0;
		};
/* End PBXFrameworksBuildPhase section */

/* Begin PBXGroup section */
		8BCBE4849C82DDEF34AD6C5A /* Pods */ = {
			isa = PBXGroup;
			children = (
				BF49BE52D2CAC3DBBC00A77E /* Pods-GoogleMLKit.debug.xcconfig */,
				A19CE66DE29485AF8A9F15D7 /* Pods-GoogleMLKit.release.xcconfig */,
			);
			path = Pods;
			sourceTree = "<group>";
		};
		AA2769CD2A9453A80004CF47 = {
			isa = PBXGroup;
			children = (
				AA2769D82A9453A80004CF47 /* GoogleMLKit */,
				AA2769D72A9453A80004CF47 /* Products */,
				8BCBE4849C82DDEF34AD6C5A /* Pods */,
				C8435CA45FC3F161B9A7CD87 /* Frameworks */,
			);
			sourceTree = "<group>";
		};
		AA2769D72A9453A80004CF47 /* Products */ = {
			isa = PBXGroup;
			children = (
				AA2769D62A9453A80004CF47 /* GoogleMLKit.app */,
			);
			name = Products;
			sourceTree = "<group>";
		};
		AA2769D82A9453A80004CF47 /* GoogleMLKit */ = {
			isa = PBXGroup;
			children = (
				AA2769D92A9453A80004CF47 /* AppDelegate.swift */,
				AA2769DB2A9453A80004CF47 /* SceneDelegate.swift */,
				AA2769DD2A9453A80004CF47 /* ViewController.swift */,
				AA2769DF2A9453A80004CF47 /* Main.storyboard */,
				AA2769E22A9453A90004CF47 /* Assets.xcassets */,
				AA2769E42A9453A90004CF47 /* LaunchScreen.storyboard */,
				AA2769E72A9453A90004CF47 /* Info.plist */,
				AA6C8F5F2A9463D700138C9E /* UIUtillties.swift */,
			);
			path = GoogleMLKit;
			sourceTree = "<group>";
		};
		C8435CA45FC3F161B9A7CD87 /* Frameworks */ = {
			isa = PBXGroup;
			children = (
				55D4DFCC736AE2EC2DA22693 /* Pods_GoogleMLKit.framework */,
			);
			name = Frameworks;
			sourceTree = "<group>";
		};
/* End PBXGroup section */

/* Begin PBXNativeTarget section */
		AA2769D52A9453A80004CF47 /* GoogleMLKit */ = {
			isa = PBXNativeTarget;
			buildConfigurationList = AA2769EA2A9453A90004CF47 /* Build configuration list for PBXNativeTarget "GoogleMLKit" */;
			buildPhases = (
				ADF228B9E4033DFA4C2CF72D /* [CP] Check Pods Manifest.lock */,
				AA2769D22A9453A80004CF47 /* Sources */,
				AA2769D32A9453A80004CF47 /* Frameworks */,
				AA2769D42A9453A80004CF47 /* Resources */,
				698C7112B7A800521413D4A6 /* [CP] Embed Pods Frameworks */,
				52978B468A21EA7929B73376 /* [CP] Copy Pods Resources */,
			);
			buildRules = (
			);
			dependencies = (
			);
			name = GoogleMLKit;
			productName = GoogleMLKit;
			productReference = AA2769D62A9453A80004CF47 /* GoogleMLKit.app */;
			productType = "com.apple.product-type.application";
		};
/* End PBXNativeTarget section */

/* Begin PBXProject section */
		AA2769CE2A9453A80004CF47 /* Project object */ = {
			isa = PBXProject;
			attributes = {
				BuildIndependentTargetsInParallel = 1;
				LastSwiftUpdateCheck = 1430;
				LastUpgradeCheck = 1430;
				TargetAttributes = {
					AA2769D52A9453A80004CF47 = {
						CreatedOnToolsVersion = 14.3;
					};
				};
			};
			buildConfigurationList = AA2769D12A9453A80004CF47 /* Build configuration list for PBXProject "GoogleMLKit" */;
			compatibilityVersion = "Xcode 14.0";
			developmentRegion = en;
			hasScannedForEncodings = 0;
			knownRegions = (
				en,
				Base,
			);
			mainGroup = AA2769CD2A9453A80004CF47;
			productRefGroup = AA2769D72A9453A80004CF47 /* Products */;
			projectDirPath = "";
			projectRoot = "";
			targets = (
				AA2769D52A9453A80004CF47 /* GoogleMLKit */,
			);
		};
/* End PBXProject section */

/* Begin PBXResourcesBuildPhase section */
		AA2769D42A9453A80004CF47 /* Resources */ = {
			isa = PBXResourcesBuildPhase;
			buildActionMask = 2147483647;
			files = (
				AA2769E62A9453A90004CF47 /* LaunchScreen.storyboard in Resources */,
				AA2769E32A9453A90004CF47 /* Assets.xcassets in Resources */,
				AA2769E12A9453A80004CF47 /* Main.storyboard in Resources */,
			);
			runOnlyForDeploymentPostprocessing = 0;
		};
/* End PBXResourcesBuildPhase section */

/* Begin PBXShellScriptBuildPhase section */
		52978B468A21EA7929B73376 /* [CP] Copy Pods Resources */ = {
			isa = PBXShellScriptBuildPhase;
			buildActionMask = 2147483647;
			files = (
			);
			inputFileListPaths = (
				"${PODS_ROOT}/Target Support Files/Pods-GoogleMLKit/Pods-GoogleMLKit-resources-${CONFIGURATION}-input-files.xcfilelist",
			);
			name = "[CP] Copy Pods Resources";
			outputFileListPaths = (
				"${PODS_ROOT}/Target Support Files/Pods-GoogleMLKit/Pods-GoogleMLKit-resources-${CONFIGURATION}-output-files.xcfilelist",
			);
			runOnlyForDeploymentPostprocessing = 0;
			shellPath = /bin/sh;
			shellScript = "\"${PODS_ROOT}/Target Support Files/Pods-GoogleMLKit/Pods-GoogleMLKit-resources.sh\"\n";
			showEnvVarsInLog = 0;
		};
		698C7112B7A800521413D4A6 /* [CP] Embed Pods Frameworks */ = {
			isa = PBXShellScriptBuildPhase;
			buildActionMask = 2147483647;
			files = (
			);
			inputFileListPaths = (
				"${PODS_ROOT}/Target Support Files/Pods-GoogleMLKit/Pods-GoogleMLKit-frameworks-${CONFIGURATION}-input-files.xcfilelist",
			);
			name = "[CP] Embed Pods Frameworks";
			outputFileListPaths = (
				"${PODS_ROOT}/Target Support Files/Pods-GoogleMLKit/Pods-GoogleMLKit-frameworks-${CONFIGURATION}-output-files.xcfilelist",
			);
			runOnlyForDeploymentPostprocessing = 0;
			shellPath = /bin/sh;
			shellScript = "\"${PODS_ROOT}/Target Support Files/Pods-GoogleMLKit/Pods-GoogleMLKit-frameworks.sh\"\n";
			showEnvVarsInLog = 0;
		};
		ADF228B9E4033DFA4C2CF72D /* [CP] Check Pods Manifest.lock */ = {
			isa = PBXShellScriptBuildPhase;
			buildActionMask = 2147483647;
			files = (
			);
			inputFileListPaths = (
			);
			inputPaths = (
				"${PODS_PODFILE_DIR_PATH}/Podfile.lock",
				"${PODS_ROOT}/Manifest.lock",
			);
			name = "[CP] Check Pods Manifest.lock";
			outputFileListPaths = (
			);
			outputPaths = (
				"$(DERIVED_FILE_DIR)/Pods-GoogleMLKit-checkManifestLockResult.txt",
			);
			runOnlyForDeploymentPostprocessing = 0;
			shellPath = /bin/sh;
			shellScript = "diff \"${PODS_PODFILE_DIR_PATH}/Podfile.lock\" \"${PODS_ROOT}/Manifest.lock\" > /dev/null\nif [ $? != 0 ] ; then\n    # print error to STDERR\n    echo \"error: The sandbox is not in sync with the Podfile.lock. Run 'pod install' or update your CocoaPods installation.\" >&2\n    exit 1\nfi\n# This output is used by Xcode 'outputs' to avoid re-running this script phase.\necho \"SUCCESS\" > \"${SCRIPT_OUTPUT_FILE_0}\"\n";
			showEnvVarsInLog = 0;
		};
/* End PBXShellScriptBuildPhase section */

/* Begin PBXSourcesBuildPhase section */
		AA2769D22A9453A80004CF47 /* Sources */ = {
			isa = PBXSourcesBuildPhase;
			buildActionMask = 2147483647;
			files = (
				AA2769DE2A9453A80004CF47 /* ViewController.swift in Sources */,
				AA6C8F602A9463D700138C9E /* UIUtillties.swift in Sources */,
				AA2769DA2A9453A80004CF47 /* AppDelegate.swift in Sources */,
				AA2769DC2A9453A80004CF47 /* SceneDelegate.swift in Sources */,
			);
			runOnlyForDeploymentPostprocessing = 0;
		};
/* End PBXSourcesBuildPhase section */

/* Begin PBXVariantGroup section */
		AA2769DF2A9453A80004CF47 /* Main.storyboard */ = {
			isa = PBXVariantGroup;
			children = (
				AA2769E02A9453A80004CF47 /* Base */,
			);
			name = Main.storyboard;
			sourceTree = "<group>";
		};
		AA2769E42A9453A90004CF47 /* LaunchScreen.storyboard */ = {
			isa = PBXVariantGroup;
			children = (
				AA2769E52A9453A90004CF47 /* Base */,
			);
			name = LaunchScreen.storyboard;
			sourceTree = "<group>";
		};
/* End PBXVariantGroup section */

/* Begin XCBuildConfiguration section */
		AA2769E82A9453A90004CF47 /* Debug */ = {
			isa = XCBuildConfiguration;
			buildSettings = {
				ALWAYS_SEARCH_USER_PATHS = NO;
				CLANG_ANALYZER_NONNULL = YES;
				CLANG_ANALYZER_NUMBER_OBJECT_CONVERSION = YES_AGGRESSIVE;
				CLANG_CXX_LANGUAGE_STANDARD = "gnu++20";
				CLANG_ENABLE_MODULES = YES;
				CLANG_ENABLE_OBJC_ARC = YES;
				CLANG_ENABLE_OBJC_WEAK = YES;
				CLANG_WARN_BLOCK_CAPTURE_AUTORELEASING = YES;
				CLANG_WARN_BOOL_CONVERSION = YES;
				CLANG_WARN_COMMA = YES;
				CLANG_WARN_CONSTANT_CONVERSION = YES;
				CLANG_WARN_DEPRECATED_OBJC_IMPLEMENTATIONS = YES;
				CLANG_WARN_DIRECT_OBJC_ISA_USAGE = YES_ERROR;
				CLANG_WARN_DOCUMENTATION_COMMENTS = YES;
				CLANG_WARN_EMPTY_BODY = YES;
				CLANG_WARN_ENUM_CONVERSION = YES;
				CLANG_WARN_INFINITE_RECURSION = YES;
				CLANG_WARN_INT_CONVERSION = YES;
				CLANG_WARN_NON_LITERAL_NULL_CONVERSION = YES;
				CLANG_WARN_OBJC_IMPLICIT_RETAIN_SELF = YES;
				CLANG_WARN_OBJC_LITERAL_CONVERSION = YES;
				CLANG_WARN_OBJC_ROOT_CLASS = YES_ERROR;
				CLANG_WARN_QUOTED_INCLUDE_IN_FRAMEWORK_HEADER = YES;
				CLANG_WARN_RANGE_LOOP_ANALYSIS = YES;
				CLANG_WARN_STRICT_PROTOTYPES = YES;
				CLANG_WARN_SUSPICIOUS_MOVE = YES;
				CLANG_WARN_UNGUARDED_AVAILABILITY = YES_AGGRESSIVE;
				CLANG_WARN_UNREACHABLE_CODE = YES;
				CLANG_WARN__DUPLICATE_METHOD_MATCH = YES;
				COPY_PHASE_STRIP = NO;
				DEBUG_INFORMATION_FORMAT = dwarf;
				ENABLE_STRICT_OBJC_MSGSEND = YES;
				ENABLE_TESTABILITY = YES;
				GCC_C_LANGUAGE_STANDARD = gnu11;
				GCC_DYNAMIC_NO_PIC = NO;
				GCC_NO_COMMON_BLOCKS = YES;
				GCC_OPTIMIZATION_LEVEL = 0;
				GCC_PREPROCESSOR_DEFINITIONS = (
					"DEBUG=1",
					"$(inherited)",
				);
				GCC_WARN_64_TO_32_BIT_CONVERSION = YES;
				GCC_WARN_ABOUT_RETURN_TYPE = YES_ERROR;
				GCC_WARN_UNDECLARED_SELECTOR = YES;
				GCC_WARN_UNINITIALIZED_AUTOS = YES_AGGRESSIVE;
				GCC_WARN_UNUSED_FUNCTION = YES;
				GCC_WARN_UNUSED_VARIABLE = YES;
				IPHONEOS_DEPLOYMENT_TARGET = 16.4;
				MTL_ENABLE_DEBUG_INFO = INCLUDE_SOURCE;
				MTL_FAST_MATH = YES;
				ONLY_ACTIVE_ARCH = YES;
				SDKROOT = iphoneos;
				SWIFT_ACTIVE_COMPILATION_CONDITIONS = DEBUG;
				SWIFT_OPTIMIZATION_LEVEL = "-Onone";
			};
			name = Debug;
		};
		AA2769E92A9453A90004CF47 /* Release */ = {
			isa = XCBuildConfiguration;
			buildSettings = {
				ALWAYS_SEARCH_USER_PATHS = NO;
				CLANG_ANALYZER_NONNULL = YES;
				CLANG_ANALYZER_NUMBER_OBJECT_CONVERSION = YES_AGGRESSIVE;
				CLANG_CXX_LANGUAGE_STANDARD = "gnu++20";
				CLANG_ENABLE_MODULES = YES;
				CLANG_ENABLE_OBJC_ARC = YES;
				CLANG_ENABLE_OBJC_WEAK = YES;
				CLANG_WARN_BLOCK_CAPTURE_AUTORELEASING = YES;
				CLANG_WARN_BOOL_CONVERSION = YES;
				CLANG_WARN_COMMA = YES;
				CLANG_WARN_CONSTANT_CONVERSION = YES;
				CLANG_WARN_DEPRECATED_OBJC_IMPLEMENTATIONS = YES;
				CLANG_WARN_DIRECT_OBJC_ISA_USAGE = YES_ERROR;
				CLANG_WARN_DOCUMENTATION_COMMENTS = YES;
				CLANG_WARN_EMPTY_BODY = YES;
				CLANG_WARN_ENUM_CONVERSION = YES;
				CLANG_WARN_INFINITE_RECURSION = YES;
				CLANG_WARN_INT_CONVERSION = YES;
				CLANG_WARN_NON_LITERAL_NULL_CONVERSION = YES;
				CLANG_WARN_OBJC_IMPLICIT_RETAIN_SELF = YES;
				CLANG_WARN_OBJC_LITERAL_CONVERSION = YES;
				CLANG_WARN_OBJC_ROOT_CLASS = YES_ERROR;
				CLANG_WARN_QUOTED_INCLUDE_IN_FRAMEWORK_HEADER = YES;
				CLANG_WARN_RANGE_LOOP_ANALYSIS = YES;
				CLANG_WARN_STRICT_PROTOTYPES = YES;
				CLANG_WARN_SUSPICIOUS_MOVE = YES;
				CLANG_WARN_UNGUARDED_AVAILABILITY = YES_AGGRESSIVE;
				CLANG_WARN_UNREACHABLE_CODE = YES;
				CLANG_WARN__DUPLICATE_METHOD_MATCH = YES;
				COPY_PHASE_STRIP = NO;
				DEBUG_INFORMATION_FORMAT = "dwarf-with-dsym";
				ENABLE_NS_ASSERTIONS = NO;
				ENABLE_STRICT_OBJC_MSGSEND = YES;
				GCC_C_LANGUAGE_STANDARD = gnu11;
				GCC_NO_COMMON_BLOCKS = YES;
				GCC_WARN_64_TO_32_BIT_CONVERSION = YES;
				GCC_WARN_ABOUT_RETURN_TYPE = YES_ERROR;
				GCC_WARN_UNDECLARED_SELECTOR = YES;
				GCC_WARN_UNINITIALIZED_AUTOS = YES_AGGRESSIVE;
				GCC_WARN_UNUSED_FUNCTION = YES;
				GCC_WARN_UNUSED_VARIABLE = YES;
				IPHONEOS_DEPLOYMENT_TARGET = 16.4;
				MTL_ENABLE_DEBUG_INFO = NO;
				MTL_FAST_MATH = YES;
				SDKROOT = iphoneos;
				SWIFT_COMPILATION_MODE = wholemodule;
				SWIFT_OPTIMIZATION_LEVEL = "-O";
				VALIDATE_PRODUCT = YES;
			};
			name = Release;
		};
		AA2769EB2A9453A90004CF47 /* Debug */ = {
			isa = XCBuildConfiguration;
			baseConfigurationReference = BF49BE52D2CAC3DBBC00A77E /* Pods-GoogleMLKit.debug.xcconfig */;
			buildSettings = {
				ASSETCATALOG_COMPILER_APPICON_NAME = AppIcon;
				ASSETCATALOG_COMPILER_GLOBAL_ACCENT_COLOR_NAME = AccentColor;
				CODE_SIGN_STYLE = Automatic;
				CURRENT_PROJECT_VERSION = 1;
				DEVELOPMENT_TEAM = 24489HL9PA;
				GENERATE_INFOPLIST_FILE = YES;
				INFOPLIST_FILE = GoogleMLKit/Info.plist;
				INFOPLIST_KEY_UIApplicationSupportsIndirectInputEvents = YES;
				INFOPLIST_KEY_UILaunchStoryboardName = LaunchScreen;
				INFOPLIST_KEY_UIMainStoryboardFile = "";
				INFOPLIST_KEY_UISupportedInterfaceOrientations_iPad = "UIInterfaceOrientationPortrait UIInterfaceOrientationPortraitUpsideDown UIInterfaceOrientationLandscapeLeft UIInterfaceOrientationLandscapeRight";
				INFOPLIST_KEY_UISupportedInterfaceOrientations_iPhone = "UIInterfaceOrientationPortrait UIInterfaceOrientationLandscapeLeft UIInterfaceOrientationLandscapeRight";
				LD_RUNPATH_SEARCH_PATHS = (
					"$(inherited)",
					"@executable_path/Frameworks",
				);
				MARKETING_VERSION = 1.0;
				PRODUCT_BUNDLE_IDENTIFIER = com.soo.GoogleMLKit;
				PRODUCT_NAME = "$(TARGET_NAME)";
				SWIFT_EMIT_LOC_STRINGS = YES;
				SWIFT_VERSION = 5.0;
				TARGETED_DEVICE_FAMILY = "1,2";
			};
			name = Debug;
		};
		AA2769EC2A9453A90004CF47 /* Release */ = {
			isa = XCBuildConfiguration;
			baseConfigurationReference = A19CE66DE29485AF8A9F15D7 /* Pods-GoogleMLKit.release.xcconfig */;
			buildSettings = {
				ASSETCATALOG_COMPILER_APPICON_NAME = AppIcon;
				ASSETCATALOG_COMPILER_GLOBAL_ACCENT_COLOR_NAME = AccentColor;
				CODE_SIGN_STYLE = Automatic;
				CURRENT_PROJECT_VERSION = 1;
				DEVELOPMENT_TEAM = 24489HL9PA;
				GENERATE_INFOPLIST_FILE = YES;
				INFOPLIST_FILE = GoogleMLKit/Info.plist;
				INFOPLIST_KEY_UIApplicationSupportsIndirectInputEvents = YES;
				INFOPLIST_KEY_UILaunchStoryboardName = LaunchScreen;
				INFOPLIST_KEY_UIMainStoryboardFile = "";
				INFOPLIST_KEY_UISupportedInterfaceOrientations_iPad = "UIInterfaceOrientationPortrait UIInterfaceOrientationPortraitUpsideDown UIInterfaceOrientationLandscapeLeft UIInterfaceOrientationLandscapeRight";
				INFOPLIST_KEY_UISupportedInterfaceOrientations_iPhone = "UIInterfaceOrientationPortrait UIInterfaceOrientationLandscapeLeft UIInterfaceOrientationLandscapeRight";
				LD_RUNPATH_SEARCH_PATHS = (
					"$(inherited)",
					"@executable_path/Frameworks",
				);
				MARKETING_VERSION = 1.0;
				PRODUCT_BUNDLE_IDENTIFIER = com.soo.GoogleMLKit;
				PRODUCT_NAME = "$(TARGET_NAME)";
				SWIFT_EMIT_LOC_STRINGS = YES;
				SWIFT_VERSION = 5.0;
				TARGETED_DEVICE_FAMILY = "1,2";
			};
			name = Release;
		};
/* End XCBuildConfiguration section */

/* Begin XCConfigurationList section */
		AA2769D12A9453A80004CF47 /* Build configuration list for PBXProject "GoogleMLKit" */ = {
			isa = XCConfigurationList;
			buildConfigurations = (
				AA2769E82A9453A90004CF47 /* Debug */,
				AA2769E92A9453A90004CF47 /* Release */,
			);
			defaultConfigurationIsVisible = 0;
			defaultConfigurationName = Release;
		};
		AA2769EA2A9453A90004CF47 /* Build configuration list for PBXNativeTarget "GoogleMLKit" */ = {
			isa = XCConfigurationList;
			buildConfigurations = (
				AA2769EB2A9453A90004CF47 /* Debug */,
				AA2769EC2A9453A90004CF47 /* Release */,
			);
			defaultConfigurationIsVisible = 0;
			defaultConfigurationName = Release;
		};
/* End XCConfigurationList section */
	};
	rootObject = AA2769CE2A9453A80004CF47 /* Project object */;
}
